
Microsoft Visual Studio Solution File, Format Version 12.00
# Visual Studio Version 16
VisualStudioVersion = 16.0.29306.81
MinimumVisualStudioVersion = 10.0.40219.1
Project("{8BC9CEB8-8B4A-11D0-8D11-00A0C91BC942}") = "TermProject", "TermProject\TermProject.vcxproj", "{73E195DE-4448-4C42-85C8-D868C1FD0CAA}"
EndProject
Global
	GlobalSection(SolutionConfigurationPlatforms) = preSolution
		Debug|x64 = Debug|x64
		Debug|x86 = Debug|x86
		Release|x64 = Release|x64
		Release|x86 = Release|x86
	EndGlobalSection
	GlobalSection(ProjectConfigurationPlatforms) = postSolution
		{73E195DE-4448-4C42-85C8-D868C1FD0CAA}.Debug|x64.ActiveCfg = Debug|x64
		{73E195DE-4448-4C42-85C8-D868C1FD0CAA}.Debug|x64.Build.0 = Debug|x64
		{73E195DE-4448-4C42-85C8-D868C1FD0CAA}.Debug|x86.ActiveCfg = Debug|Win32
		{73E195DE-4448-4C42-85C8-D868C1FD0CAA}.Debug|x86.Build.0 = Debug|Win32
		{73E195DE-4448-4C42-85C8-D868C1FD0CAA}.Release|x64.ActiveCfg = Release|x64
		{73E195DE-4448-4C42-85C8-D868C1FD0CAA}.Release|x64.Build.0 = Release|x64
		{73E195DE-4448-4C42-85C8-D868C1FD0CAA}.Release|x86.ActiveCfg = Release|Win32
		{73E195DE-4448-4C42-85C8-D868C1FD0CAA}.Release|x86.Build.0 = Release|Win32
	EndGlobalSection
	GlobalSection(SolutionProperties) = preSolution
		HideSolutionNode = FALSE
	EndGlobalSection
	GlobalSection(ExtensibilityGlobals) = postSolution
		SolutionGuid = {EC61352E-4414-4849-9933-322303642B84}
	EndGlobalSection
EndGlobal
